
Microsoft Visual Studio Solution File, Format Version 12.00
# Visual Studio 14
VisualStudioVersion = 14.0.23107.0
MinimumVisualStudioVersion = 10.0.40219.1
Project("{FAE04EC0-301F-11D3-BF4B-00C04F79EFBC}") = "BISharp", "src\BISharp\BISharp.csproj", "{0CC49747-5111-42FC-8A13-E4E68B95A8E3}"
EndProject
Project("{2150E333-8FDC-42A3-9474-1A3956D46DE8}") = "Documentation", "Documentation", "{3F5ACE01-D2E8-4563-A0C8-A7AFCD1BF881}"
	ProjectSection(SolutionItems) = preProject
		README.md = README.md
	EndProjectSection
EndProject
Project("{2150E333-8FDC-42A3-9474-1A3956D46DE8}") = "Tests", "Tests", "{D3E4DE3E-47EE-4D6E-A1F2-A3EAA684DA94}"
EndProject
Project("{FAE04EC0-301F-11D3-BF4B-00C04F79EFBC}") = "BISharp.Tests", "tests\BISharp.Tests\BISharp.Tests.csproj", "{C4248E20-DCC8-4C20-AE0F-06DAD818AB11}"
EndProject
Project("{FAE04EC0-301F-11D3-BF4B-00C04F79EFBC}") = "ConsoleApplication1", "ConsoleApplication1\ConsoleApplication1.csproj", "{14C57A1A-81D4-433C-BD0F-7EBB5F5D98A3}"
EndProject
Global
	GlobalSection(SolutionConfigurationPlatforms) = preSolution
		Debug|Any CPU = Debug|Any CPU
		Release|Any CPU = Release|Any CPU
	EndGlobalSection
	GlobalSection(ProjectConfigurationPlatforms) = postSolution
		{0CC49747-5111-42FC-8A13-E4E68B95A8E3}.Debug|Any CPU.ActiveCfg = Debug|Any CPU
		{0CC49747-5111-42FC-8A13-E4E68B95A8E3}.Debug|Any CPU.Build.0 = Debug|Any CPU
		{0CC49747-5111-42FC-8A13-E4E68B95A8E3}.Release|Any CPU.ActiveCfg = Release|Any CPU
		{0CC49747-5111-42FC-8A13-E4E68B95A8E3}.Release|Any CPU.Build.0 = Release|Any CPU
		{C4248E20-DCC8-4C20-AE0F-06DAD818AB11}.Debug|Any CPU.ActiveCfg = Debug|Any CPU
		{C4248E20-DCC8-4C20-AE0F-06DAD818AB11}.Debug|Any CPU.Build.0 = Debug|Any CPU
		{C4248E20-DCC8-4C20-AE0F-06DAD818AB11}.Release|Any CPU.ActiveCfg = Release|Any CPU
		{C4248E20-DCC8-4C20-AE0F-06DAD818AB11}.Release|Any CPU.Build.0 = Release|Any CPU
		{14C57A1A-81D4-433C-BD0F-7EBB5F5D98A3}.Debug|Any CPU.ActiveCfg = Debug|Any CPU
		{14C57A1A-81D4-433C-BD0F-7EBB5F5D98A3}.Debug|Any CPU.Build.0 = Debug|Any CPU
		{14C57A1A-81D4-433C-BD0F-7EBB5F5D98A3}.Release|Any CPU.ActiveCfg = Release|Any CPU
		{14C57A1A-81D4-433C-BD0F-7EBB5F5D98A3}.Release|Any CPU.Build.0 = Release|Any CPU
	EndGlobalSection
	GlobalSection(SolutionProperties) = preSolution
		HideSolutionNode = FALSE
	EndGlobalSection
	GlobalSection(NestedProjects) = preSolution
		{C4248E20-DCC8-4C20-AE0F-06DAD818AB11} = {D3E4DE3E-47EE-4D6E-A1F2-A3EAA684DA94}
	EndGlobalSection
EndGlobal
