
Microsoft Visual Studio Solution File, Format Version 12.00
# Visual Studio 14
VisualStudioVersion = 14.0.23107.0
MinimumVisualStudioVersion = 10.0.40219.1
Project("{FAE04EC0-301F-11D3-BF4B-00C04F79EFBC}") = "BISharp", "..\BISharp\BISharp.csproj", "{0CC49747-5111-42FC-8A13-E4E68B95A8E3}"
EndProject
Project("{FAE04EC0-301F-11D3-BF4B-00C04F79EFBC}") = "BISharp.Tests", "BISharp.Tests\BISharp.Tests.csproj", "{C4248E20-DCC8-4C20-AE0F-06DAD818AB11}"
EndProject
Project("{2150E333-8FDC-42A3-9474-1A3956D46DE8}") = "Documentation", "Documentation", "{3F5ACE01-D2E8-4563-A0C8-A7AFCD1BF881}"
	ProjectSection(SolutionItems) = preProject
		..\README.md = ..\README.md
	EndProjectSection
EndProject
Project("{2150E333-8FDC-42A3-9474-1A3956D46DE8}") = "Samples", "Samples", "{3FB3F706-D3EE-4F83-98CD-FB57CD47B537}"
EndProject
Project("{FAE04EC0-301F-11D3-BF4B-00C04F79EFBC}") = "resourceManagement", "samples\resourceManagement\resourceManagement.csproj", "{786AAEB3-DD86-44A5-B21A-8B5F256A521A}"
EndProject
Project("{FAE04EC0-301F-11D3-BF4B-00C04F79EFBC}") = "WebApp-RoleClaims-DotNet", "samples\resourceManagement.Web\WebApp-RoleClaims-DotNet.csproj", "{BF85A21D-737E-4231-BC48-911F3F3123E8}"
EndProject
Global
	GlobalSection(SolutionConfigurationPlatforms) = preSolution
		Debug|Any CPU = Debug|Any CPU
		Release|Any CPU = Release|Any CPU
	EndGlobalSection
	GlobalSection(ProjectConfigurationPlatforms) = postSolution
		{0CC49747-5111-42FC-8A13-E4E68B95A8E3}.Debug|Any CPU.ActiveCfg = Debug|Any CPU
		{0CC49747-5111-42FC-8A13-E4E68B95A8E3}.Debug|Any CPU.Build.0 = Debug|Any CPU
		{0CC49747-5111-42FC-8A13-E4E68B95A8E3}.Release|Any CPU.ActiveCfg = Release|Any CPU
		{0CC49747-5111-42FC-8A13-E4E68B95A8E3}.Release|Any CPU.Build.0 = Release|Any CPU
		{C4248E20-DCC8-4C20-AE0F-06DAD818AB11}.Debug|Any CPU.ActiveCfg = Debug|Any CPU
		{C4248E20-DCC8-4C20-AE0F-06DAD818AB11}.Debug|Any CPU.Build.0 = Debug|Any CPU
		{C4248E20-DCC8-4C20-AE0F-06DAD818AB11}.Release|Any CPU.ActiveCfg = Release|Any CPU
		{C4248E20-DCC8-4C20-AE0F-06DAD818AB11}.Release|Any CPU.Build.0 = Release|Any CPU
		{786AAEB3-DD86-44A5-B21A-8B5F256A521A}.Debug|Any CPU.ActiveCfg = Debug|Any CPU
		{786AAEB3-DD86-44A5-B21A-8B5F256A521A}.Debug|Any CPU.Build.0 = Debug|Any CPU
		{786AAEB3-DD86-44A5-B21A-8B5F256A521A}.Release|Any CPU.ActiveCfg = Release|Any CPU
		{786AAEB3-DD86-44A5-B21A-8B5F256A521A}.Release|Any CPU.Build.0 = Release|Any CPU
		{BF85A21D-737E-4231-BC48-911F3F3123E8}.Debug|Any CPU.ActiveCfg = Debug|Any CPU
		{BF85A21D-737E-4231-BC48-911F3F3123E8}.Debug|Any CPU.Build.0 = Debug|Any CPU
		{BF85A21D-737E-4231-BC48-911F3F3123E8}.Release|Any CPU.ActiveCfg = Release|Any CPU
		{BF85A21D-737E-4231-BC48-911F3F3123E8}.Release|Any CPU.Build.0 = Release|Any CPU
	EndGlobalSection
	GlobalSection(SolutionProperties) = preSolution
		HideSolutionNode = FALSE
	EndGlobalSection
	GlobalSection(NestedProjects) = preSolution
		{786AAEB3-DD86-44A5-B21A-8B5F256A521A} = {3FB3F706-D3EE-4F83-98CD-FB57CD47B537}
		{BF85A21D-737E-4231-BC48-911F3F3123E8} = {3FB3F706-D3EE-4F83-98CD-FB57CD47B537}
	EndGlobalSection
EndGlobal
